// !$*UTF8*$!
{
	archiveVersion = 1;
	classes = {
	};
	objectVersion = 50;
	objects = {

/* Begin PBXBuildFile section */
		25991E3426DDE60F005840A1 /* CatalogModel.swift in Sources */ = {isa = PBXBuildFile; fileRef = 25991E3326DDE60F005840A1 /* CatalogModel.swift */; };
		25991E3626DDE691005840A1 /* CatalogScreenViewModel.swift in Sources */ = {isa = PBXBuildFile; fileRef = 25991E3526DDE691005840A1 /* CatalogScreenViewModel.swift */; };
		25991E3926DDE6B6005840A1 /* CatalogCellView.swift in Sources */ = {isa = PBXBuildFile; fileRef = 25991E3826DDE6B6005840A1 /* CatalogCellView.swift */; };
		25991E3B26DDF45A005840A1 /* CatalogDetailScreen.swift in Sources */ = {isa = PBXBuildFile; fileRef = 25991E3A26DDF45A005840A1 /* CatalogDetailScreen.swift */; };
		25991E3D26DE000C005840A1 /* TabViewSCreenViewModel.swift in Sources */ = {isa = PBXBuildFile; fileRef = 25991E3C26DE000C005840A1 /* TabViewSCreenViewModel.swift */; };
		25991E3F26DE042C005840A1 /* ImagePicker.swift in Sources */ = {isa = PBXBuildFile; fileRef = 25991E3E26DE042C005840A1 /* ImagePicker.swift */; };
		FA602A0126D802C1006D0EAF /* AppSUIApp.swift in Sources */ = {isa = PBXBuildFile; fileRef = FA602A0026D802C1006D0EAF /* AppSUIApp.swift */; };
		FA602A0326D802C1006D0EAF /* TabViewScreen.swift in Sources */ = {isa = PBXBuildFile; fileRef = FA602A0226D802C1006D0EAF /* TabViewScreen.swift */; };
		FA602A0526D802C1006D0EAF /* Assets.xcassets in Resources */ = {isa = PBXBuildFile; fileRef = FA602A0426D802C1006D0EAF /* Assets.xcassets */; };
		FA602A0826D802C1006D0EAF /* Preview Assets.xcassets in Resources */ = {isa = PBXBuildFile; fileRef = FA602A0726D802C1006D0EAF /* Preview Assets.xcassets */; };
		FA602A1026D80B24006D0EAF /* DashboardScreen.swift in Sources */ = {isa = PBXBuildFile; fileRef = FA602A0F26D80B24006D0EAF /* DashboardScreen.swift */; };
		FA602A1226D80F56006D0EAF /* CatalogScreen.swift in Sources */ = {isa = PBXBuildFile; fileRef = FA602A1126D80F56006D0EAF /* CatalogScreen.swift */; };
		FA602A1426D80FE4006D0EAF /* ProfileScreen.swift in Sources */ = {isa = PBXBuildFile; fileRef = FA602A1326D80FE4006D0EAF /* ProfileScreen.swift */; };
/* End PBXBuildFile section */

/* Begin PBXFileReference section */
		25991E3326DDE60F005840A1 /* CatalogModel.swift */ = {isa = PBXFileReference; lastKnownFileType = sourcecode.swift; path = CatalogModel.swift; sourceTree = "<group>"; };
		25991E3526DDE691005840A1 /* CatalogScreenViewModel.swift */ = {isa = PBXFileReference; lastKnownFileType = sourcecode.swift; path = CatalogScreenViewModel.swift; sourceTree = "<group>"; };
		25991E3826DDE6B6005840A1 /* CatalogCellView.swift */ = {isa = PBXFileReference; lastKnownFileType = sourcecode.swift; path = CatalogCellView.swift; sourceTree = "<group>"; };
		25991E3A26DDF45A005840A1 /* CatalogDetailScreen.swift */ = {isa = PBXFileReference; lastKnownFileType = sourcecode.swift; path = CatalogDetailScreen.swift; sourceTree = "<group>"; };
		25991E3C26DE000C005840A1 /* TabViewSCreenViewModel.swift */ = {isa = PBXFileReference; lastKnownFileType = sourcecode.swift; path = TabViewSCreenViewModel.swift; sourceTree = "<group>"; };
		25991E3E26DE042C005840A1 /* ImagePicker.swift */ = {isa = PBXFileReference; lastKnownFileType = sourcecode.swift; path = ImagePicker.swift; sourceTree = "<group>"; };
		FA6029FD26D802C1006D0EAF /* AppSUI.app */ = {isa = PBXFileReference; explicitFileType = wrapper.application; includeInIndex = 0; path = AppSUI.app; sourceTree = BUILT_PRODUCTS_DIR; };
		FA602A0026D802C1006D0EAF /* AppSUIApp.swift */ = {isa = PBXFileReference; lastKnownFileType = sourcecode.swift; path = AppSUIApp.swift; sourceTree = "<group>"; };
		FA602A0226D802C1006D0EAF /* TabViewScreen.swift */ = {isa = PBXFileReference; lastKnownFileType = sourcecode.swift; path = TabViewScreen.swift; sourceTree = "<group>"; };
		FA602A0426D802C1006D0EAF /* Assets.xcassets */ = {isa = PBXFileReference; lastKnownFileType = folder.assetcatalog; path = Assets.xcassets; sourceTree = "<group>"; };
		FA602A0726D802C1006D0EAF /* Preview Assets.xcassets */ = {isa = PBXFileReference; lastKnownFileType = folder.assetcatalog; path = "Preview Assets.xcassets"; sourceTree = "<group>"; };
		FA602A0926D802C1006D0EAF /* Info.plist */ = {isa = PBXFileReference; lastKnownFileType = text.plist.xml; path = Info.plist; sourceTree = "<group>"; };
		FA602A0F26D80B24006D0EAF /* DashboardScreen.swift */ = {isa = PBXFileReference; lastKnownFileType = sourcecode.swift; path = DashboardScreen.swift; sourceTree = "<group>"; };
		FA602A1126D80F56006D0EAF /* CatalogScreen.swift */ = {isa = PBXFileReference; lastKnownFileType = sourcecode.swift; path = CatalogScreen.swift; sourceTree = "<group>"; };
		FA602A1326D80FE4006D0EAF /* ProfileScreen.swift */ = {isa = PBXFileReference; lastKnownFileType = sourcecode.swift; path = ProfileScreen.swift; sourceTree = "<group>"; };
/* End PBXFileReference section */

/* Begin PBXFrameworksBuildPhase section */
		FA6029FA26D802C1006D0EAF /* Frameworks */ = {
			isa = PBXFrameworksBuildPhase;
			buildActionMask = 2147483647;
			files = (
			);
			runOnlyForDeploymentPostprocessing = 0;
		};
/* End PBXFrameworksBuildPhase section */

/* Begin PBXGroup section */
		25991E3126DDE4FE005840A1 /* Screens */ = {
			isa = PBXGroup;
			children = (
				FA602A0226D802C1006D0EAF /* TabViewScreen.swift */,
				25991E3726DDE69B005840A1 /* Catalog */,
				FA602A0F26D80B24006D0EAF /* DashboardScreen.swift */,
				FA602A1326D80FE4006D0EAF /* ProfileScreen.swift */,
				25991E3C26DE000C005840A1 /* TabViewSCreenViewModel.swift */,
				25991E3E26DE042C005840A1 /* ImagePicker.swift */,
			);
			path = Screens;
			sourceTree = "<group>";
		};
		25991E3226DDE583005840A1 /* Models */ = {
			isa = PBXGroup;
			children = (
				25991E3326DDE60F005840A1 /* CatalogModel.swift */,
			);
			path = Models;
			sourceTree = "<group>";
		};
		25991E3726DDE69B005840A1 /* Catalog */ = {
			isa = PBXGroup;
			children = (
				FA602A1126D80F56006D0EAF /* CatalogScreen.swift */,
				25991E3526DDE691005840A1 /* CatalogScreenViewModel.swift */,
				25991E3826DDE6B6005840A1 /* CatalogCellView.swift */,
				25991E3A26DDF45A005840A1 /* CatalogDetailScreen.swift */,
			);
			path = Catalog;
			sourceTree = "<group>";
		};
		FA6029F426D802C1006D0EAF = {
			isa = PBXGroup;
			children = (
				FA6029FF26D802C1006D0EAF /* AppSUI */,
				FA6029FE26D802C1006D0EAF /* Products */,
			);
			sourceTree = "<group>";
		};
		FA6029FE26D802C1006D0EAF /* Products */ = {
			isa = PBXGroup;
			children = (
				FA6029FD26D802C1006D0EAF /* AppSUI.app */,
			);
			name = Products;
			sourceTree = "<group>";
		};
		FA6029FF26D802C1006D0EAF /* AppSUI */ = {
			isa = PBXGroup;
			children = (
				25991E3226DDE583005840A1 /* Models */,
				25991E3126DDE4FE005840A1 /* Screens */,
				FA602A0026D802C1006D0EAF /* AppSUIApp.swift */,
				FA602A0426D802C1006D0EAF /* Assets.xcassets */,
				FA602A0926D802C1006D0EAF /* Info.plist */,
				FA602A0626D802C1006D0EAF /* Preview Content */,
			);
			path = AppSUI;
			sourceTree = "<group>";
		};
		FA602A0626D802C1006D0EAF /* Preview Content */ = {
			isa = PBXGroup;
			children = (
				FA602A0726D802C1006D0EAF /* Preview Assets.xcassets */,
			);
			path = "Preview Content";
			sourceTree = "<group>";
		};
/* End PBXGroup section */

/* Begin PBXNativeTarget section */
		FA6029FC26D802C1006D0EAF /* AppSUI */ = {
			isa = PBXNativeTarget;
			buildConfigurationList = FA602A0C26D802C1006D0EAF /* Build configuration list for PBXNativeTarget "AppSUI" */;
			buildPhases = (
				FA6029F926D802C1006D0EAF /* Sources */,
				FA6029FA26D802C1006D0EAF /* Frameworks */,
				FA6029FB26D802C1006D0EAF /* Resources */,
			);
			buildRules = (
			);
			dependencies = (
			);
			name = AppSUI;
			packageProductDependencies = (
			);
			productName = AppSUI;
			productReference = FA6029FD26D802C1006D0EAF /* AppSUI.app */;
			productType = "com.apple.product-type.application";
		};
/* End PBXNativeTarget section */

/* Begin PBXProject section */
		FA6029F526D802C1006D0EAF /* Project object */ = {
			isa = PBXProject;
			attributes = {
				LastSwiftUpdateCheck = 1250;
				LastUpgradeCheck = 1250;
				TargetAttributes = {
					FA6029FC26D802C1006D0EAF = {
						CreatedOnToolsVersion = 12.5.1;
					};
				};
			};
			buildConfigurationList = FA6029F826D802C1006D0EAF /* Build configuration list for PBXProject "AppSUI" */;
			compatibilityVersion = "Xcode 9.3";
			developmentRegion = en;
			hasScannedForEncodings = 0;
			knownRegions = (
				en,
				Base,
			);
			mainGroup = FA6029F426D802C1006D0EAF;
			packageReferences = (
			);
			productRefGroup = FA6029FE26D802C1006D0EAF /* Products */;
			projectDirPath = "";
			projectRoot = "";
			targets = (
				FA6029FC26D802C1006D0EAF /* AppSUI */,
			);
		};
/* End PBXProject section */

/* Begin PBXResourcesBuildPhase section */
		FA6029FB26D802C1006D0EAF /* Resources */ = {
			isa = PBXResourcesBuildPhase;
			buildActionMask = 2147483647;
			files = (
				FA602A0826D802C1006D0EAF /* Preview Assets.xcassets in Resources */,
				FA602A0526D802C1006D0EAF /* Assets.xcassets in Resources */,
			);
			runOnlyForDeploymentPostprocessing = 0;
		};
/* End PBXResourcesBuildPhase section */

/* Begin PBXSourcesBuildPhase section */
		FA6029F926D802C1006D0EAF /* Sources */ = {
			isa = PBXSourcesBuildPhase;
			buildActionMask = 2147483647;
			files = (
				25991E3626DDE691005840A1 /* CatalogScreenViewModel.swift in Sources */,
				25991E3426DDE60F005840A1 /* CatalogModel.swift in Sources */,
				25991E3B26DDF45A005840A1 /* CatalogDetailScreen.swift in Sources */,
				FA602A0326D802C1006D0EAF /* TabViewScreen.swift in Sources */,
				FA602A1226D80F56006D0EAF /* CatalogScreen.swift in Sources */,
				25991E3D26DE000C005840A1 /* TabViewSCreenViewModel.swift in Sources */,
				FA602A0126D802C1006D0EAF /* AppSUIApp.swift in Sources */,
				25991E3F26DE042C005840A1 /* ImagePicker.swift in Sources */,
				FA602A1026D80B24006D0EAF /* DashboardScreen.swift in Sources */,
				25991E3926DDE6B6005840A1 /* CatalogCellView.swift in Sources */,
				FA602A1426D80FE4006D0EAF /* ProfileScreen.swift in Sources */,
			);
			runOnlyForDeploymentPostprocessing = 0;
		};
/* End PBXSourcesBuildPhase section */

/* Begin XCBuildConfiguration section */
		FA602A0A26D802C1006D0EAF /* Debug */ = {
			isa = XCBuildConfiguration;
			buildSettings = {
				ALWAYS_SEARCH_USER_PATHS = NO;
				CLANG_ANALYZER_NONNULL = YES;
				CLANG_ANALYZER_NUMBER_OBJECT_CONVERSION = YES_AGGRESSIVE;
				CLANG_CXX_LANGUAGE_STANDARD = "gnu++14";
				CLANG_CXX_LIBRARY = "libc++";
				CLANG_ENABLE_MODULES = YES;
				CLANG_ENABLE_OBJC_ARC = YES;
				CLANG_ENABLE_OBJC_WEAK = YES;
				CLANG_WARN_BLOCK_CAPTURE_AUTORELEASING = YES;
				CLANG_WARN_BOOL_CONVERSION = YES;
				CLANG_WARN_COMMA = YES;
				CLANG_WARN_CONSTANT_CONVERSION = YES;
				CLANG_WARN_DEPRECATED_OBJC_IMPLEMENTATIONS = YES;
				CLANG_WARN_DIRECT_OBJC_ISA_USAGE = YES_ERROR;
				CLANG_WARN_DOCUMENTATION_COMMENTS = YES;
				CLANG_WARN_EMPTY_BODY = YES;
				CLANG_WARN_ENUM_CONVERSION = YES;
				CLANG_WARN_INFINITE_RECURSION = YES;
				CLANG_WARN_INT_CONVERSION = YES;
				CLANG_WARN_NON_LITERAL_NULL_CONVERSION = YES;
				CLANG_WARN_OBJC_IMPLICIT_RETAIN_SELF = YES;
				CLANG_WARN_OBJC_LITERAL_CONVERSION = YES;
				CLANG_WARN_OBJC_ROOT_CLASS = YES_ERROR;
				CLANG_WARN_QUOTED_INCLUDE_IN_FRAMEWORK_HEADER = YES;
				CLANG_WARN_RANGE_LOOP_ANALYSIS = YES;
				CLANG_WARN_STRICT_PROTOTYPES = YES;
				CLANG_WARN_SUSPICIOUS_MOVE = YES;
				CLANG_WARN_UNGUARDED_AVAILABILITY = YES_AGGRESSIVE;
				CLANG_WARN_UNREACHABLE_CODE = YES;
				CLANG_WARN__DUPLICATE_METHOD_MATCH = YES;
				COPY_PHASE_STRIP = NO;
				DEBUG_INFORMATION_FORMAT = dwarf;
				ENABLE_STRICT_OBJC_MSGSEND = YES;
				ENABLE_TESTABILITY = YES;
				GCC_C_LANGUAGE_STANDARD = gnu11;
				GCC_DYNAMIC_NO_PIC = NO;
				GCC_NO_COMMON_BLOCKS = YES;
				GCC_OPTIMIZATION_LEVEL = 0;
				GCC_PREPROCESSOR_DEFINITIONS = (
					"DEBUG=1",
					"$(inherited)",
				);
				GCC_WARN_64_TO_32_BIT_CONVERSION = YES;
				GCC_WARN_ABOUT_RETURN_TYPE = YES_ERROR;
				GCC_WARN_UNDECLARED_SELECTOR = YES;
				GCC_WARN_UNINITIALIZED_AUTOS = YES_AGGRESSIVE;
				GCC_WARN_UNUSED_FUNCTION = YES;
				GCC_WARN_UNUSED_VARIABLE = YES;
				IPHONEOS_DEPLOYMENT_TARGET = 14.5;
				MTL_ENABLE_DEBUG_INFO = INCLUDE_SOURCE;
				MTL_FAST_MATH = YES;
				ONLY_ACTIVE_ARCH = YES;
				SDKROOT = iphoneos;
				SWIFT_ACTIVE_COMPILATION_CONDITIONS = DEBUG;
				SWIFT_OPTIMIZATION_LEVEL = "-Onone";
			};
			name = Debug;
		};
		FA602A0B26D802C1006D0EAF /* Release */ = {
			isa = XCBuildConfiguration;
			buildSettings = {
				ALWAYS_SEARCH_USER_PATHS = NO;
				CLANG_ANALYZER_NONNULL = YES;
				CLANG_ANALYZER_NUMBER_OBJECT_CONVERSION = YES_AGGRESSIVE;
				CLANG_CXX_LANGUAGE_STANDARD = "gnu++14";
				CLANG_CXX_LIBRARY = "libc++";
				CLANG_ENABLE_MODULES = YES;
				CLANG_ENABLE_OBJC_ARC = YES;
				CLANG_ENABLE_OBJC_WEAK = YES;
				CLANG_WARN_BLOCK_CAPTURE_AUTORELEASING = YES;
				CLANG_WARN_BOOL_CONVERSION = YES;
				CLANG_WARN_COMMA = YES;
				CLANG_WARN_CONSTANT_CONVERSION = YES;
				CLANG_WARN_DEPRECATED_OBJC_IMPLEMENTATIONS = YES;
				CLANG_WARN_DIRECT_OBJC_ISA_USAGE = YES_ERROR;
				CLANG_WARN_DOCUMENTATION_COMMENTS = YES;
				CLANG_WARN_EMPTY_BODY = YES;
				CLANG_WARN_ENUM_CONVERSION = YES;
				CLANG_WARN_INFINITE_RECURSION = YES;
				CLANG_WARN_INT_CONVERSION = YES;
				CLANG_WARN_NON_LITERAL_NULL_CONVERSION = YES;
				CLANG_WARN_OBJC_IMPLICIT_RETAIN_SELF = YES;
				CLANG_WARN_OBJC_LITERAL_CONVERSION = YES;
				CLANG_WARN_OBJC_ROOT_CLASS = YES_ERROR;
				CLANG_WARN_QUOTED_INCLUDE_IN_FRAMEWORK_HEADER = YES;
				CLANG_WARN_RANGE_LOOP_ANALYSIS = YES;
				CLANG_WARN_STRICT_PROTOTYPES = YES;
				CLANG_WARN_SUSPICIOUS_MOVE = YES;
				CLANG_WARN_UNGUARDED_AVAILABILITY = YES_AGGRESSIVE;
				CLANG_WARN_UNREACHABLE_CODE = YES;
				CLANG_WARN__DUPLICATE_METHOD_MATCH = YES;
				COPY_PHASE_STRIP = NO;
				DEBUG_INFORMATION_FORMAT = "dwarf-with-dsym";
				ENABLE_NS_ASSERTIONS = NO;
				ENABLE_STRICT_OBJC_MSGSEND = YES;
				GCC_C_LANGUAGE_STANDARD = gnu11;
				GCC_NO_COMMON_BLOCKS = YES;
				GCC_WARN_64_TO_32_BIT_CONVERSION = YES;
				GCC_WARN_ABOUT_RETURN_TYPE = YES_ERROR;
				GCC_WARN_UNDECLARED_SELECTOR = YES;
				GCC_WARN_UNINITIALIZED_AUTOS = YES_AGGRESSIVE;
				GCC_WARN_UNUSED_FUNCTION = YES;
				GCC_WARN_UNUSED_VARIABLE = YES;
				IPHONEOS_DEPLOYMENT_TARGET = 14.5;
				MTL_ENABLE_DEBUG_INFO = NO;
				MTL_FAST_MATH = YES;
				SDKROOT = iphoneos;
				SWIFT_COMPILATION_MODE = wholemodule;
				SWIFT_OPTIMIZATION_LEVEL = "-O";
				VALIDATE_PRODUCT = YES;
			};
			name = Release;
		};
		FA602A0D26D802C1006D0EAF /* Debug */ = {
			isa = XCBuildConfiguration;
			buildSettings = {
				ASSETCATALOG_COMPILER_APPICON_NAME = AppIcon;
				ASSETCATALOG_COMPILER_GLOBAL_ACCENT_COLOR_NAME = AccentColor;
				CODE_SIGN_STYLE = Automatic;
				DEVELOPMENT_ASSET_PATHS = "\"AppSUI/Preview Content\"";
				DEVELOPMENT_TEAM = J4GES9GRUE;
				ENABLE_PREVIEWS = YES;
				INFOPLIST_FILE = AppSUI/Info.plist;
				IPHONEOS_DEPLOYMENT_TARGET = 14.0;
				LD_RUNPATH_SEARCH_PATHS = (
					"$(inherited)",
					"@executable_path/Frameworks",
				);
				PRODUCT_BUNDLE_IDENTIFIER = exey.AppSUI;
				PRODUCT_NAME = "$(TARGET_NAME)";
				SWIFT_VERSION = 5.0;
				TARGETED_DEVICE_FAMILY = "1,2";
			};
			name = Debug;
		};
		FA602A0E26D802C1006D0EAF /* Release */ = {
			isa = XCBuildConfiguration;
			buildSettings = {
				ASSETCATALOG_COMPILER_APPICON_NAME = AppIcon;
				ASSETCATALOG_COMPILER_GLOBAL_ACCENT_COLOR_NAME = AccentColor;
				CODE_SIGN_STYLE = Automatic;
				DEVELOPMENT_ASSET_PATHS = "\"AppSUI/Preview Content\"";
				DEVELOPMENT_TEAM = J4GES9GRUE;
				ENABLE_PREVIEWS = YES;
				INFOPLIST_FILE = AppSUI/Info.plist;
				IPHONEOS_DEPLOYMENT_TARGET = 14.0;
				LD_RUNPATH_SEARCH_PATHS = (
					"$(inherited)",
					"@executable_path/Frameworks",
				);
				PRODUCT_BUNDLE_IDENTIFIER = exey.AppSUI;
				PRODUCT_NAME = "$(TARGET_NAME)";
				SWIFT_VERSION = 5.0;
				TARGETED_DEVICE_FAMILY = "1,2";
			};
			name = Release;
		};
/* End XCBuildConfiguration section */

/* Begin XCConfigurationList section */
		FA6029F826D802C1006D0EAF /* Build configuration list for PBXProject "AppSUI" */ = {
			isa = XCConfigurationList;
			buildConfigurations = (
				FA602A0A26D802C1006D0EAF /* Debug */,
				FA602A0B26D802C1006D0EAF /* Release */,
			);
			defaultConfigurationIsVisible = 0;
			defaultConfigurationName = Release;
		};
		FA602A0C26D802C1006D0EAF /* Build configuration list for PBXNativeTarget "AppSUI" */ = {
			isa = XCConfigurationList;
			buildConfigurations = (
				FA602A0D26D802C1006D0EAF /* Debug */,
				FA602A0E26D802C1006D0EAF /* Release */,
			);
			defaultConfigurationIsVisible = 0;
			defaultConfigurationName = Release;
		};
/* End XCConfigurationList section */
	};
	rootObject = FA6029F526D802C1006D0EAF /* Project object */;
}
